
Microsoft Visual Studio Solution File, Format Version 12.00
# Visual Studio Version 16
VisualStudioVersion = 16.0.29424.173
MinimumVisualStudioVersion = 10.0.40219.1
Project("{FAE04EC0-301F-11D3-BF4B-00C04F79EFBC}") = "Game2048", "game2048\Game2048.csproj", "{64DA9119-DD98-47E3-BE52-D16EF458699D}"
EndProject
Project("{FAE04EC0-301F-11D3-BF4B-00C04F79EFBC}") = "Game2048_ConsoleView", "View\Game2048_ConsoleView.csproj", "{7816D860-72B9-4C74-8F9C-A84673038E32}"
EndProject
Project("{FAE04EC0-301F-11D3-BF4B-00C04F79EFBC}") = "Game2048_Controller", "Controller\Game2048_Controller.csproj", "{1466BBD6-A02C-403D-BE52-BD372E913B7F}"
EndProject
Project("{FAE04EC0-301F-11D3-BF4B-00C04F79EFBC}") = "Game2048_Model", "Model\Game2048_Model.csproj", "{CC310809-F1A3-4E32-91EB-662F285FC696}"
EndProject
Global
	GlobalSection(SolutionConfigurationPlatforms) = preSolution
		Debug|Any CPU = Debug|Any CPU
		Release|Any CPU = Release|Any CPU
	EndGlobalSection
	GlobalSection(ProjectConfigurationPlatforms) = postSolution
		{64DA9119-DD98-47E3-BE52-D16EF458699D}.Debug|Any CPU.ActiveCfg = Debug|Any CPU
		{64DA9119-DD98-47E3-BE52-D16EF458699D}.Debug|Any CPU.Build.0 = Debug|Any CPU
		{64DA9119-DD98-47E3-BE52-D16EF458699D}.Release|Any CPU.ActiveCfg = Release|Any CPU
		{64DA9119-DD98-47E3-BE52-D16EF458699D}.Release|Any CPU.Build.0 = Release|Any CPU
		{7816D860-72B9-4C74-8F9C-A84673038E32}.Debug|Any CPU.ActiveCfg = Debug|Any CPU
		{7816D860-72B9-4C74-8F9C-A84673038E32}.Debug|Any CPU.Build.0 = Debug|Any CPU
		{7816D860-72B9-4C74-8F9C-A84673038E32}.Release|Any CPU.ActiveCfg = Release|Any CPU
		{7816D860-72B9-4C74-8F9C-A84673038E32}.Release|Any CPU.Build.0 = Release|Any CPU
		{1466BBD6-A02C-403D-BE52-BD372E913B7F}.Debug|Any CPU.ActiveCfg = Debug|Any CPU
		{1466BBD6-A02C-403D-BE52-BD372E913B7F}.Debug|Any CPU.Build.0 = Debug|Any CPU
		{1466BBD6-A02C-403D-BE52-BD372E913B7F}.Release|Any CPU.ActiveCfg = Release|Any CPU
		{1466BBD6-A02C-403D-BE52-BD372E913B7F}.Release|Any CPU.Build.0 = Release|Any CPU
		{CC310809-F1A3-4E32-91EB-662F285FC696}.Debug|Any CPU.ActiveCfg = Debug|Any CPU
		{CC310809-F1A3-4E32-91EB-662F285FC696}.Debug|Any CPU.Build.0 = Debug|Any CPU
		{CC310809-F1A3-4E32-91EB-662F285FC696}.Release|Any CPU.ActiveCfg = Release|Any CPU
		{CC310809-F1A3-4E32-91EB-662F285FC696}.Release|Any CPU.Build.0 = Release|Any CPU
	EndGlobalSection
	GlobalSection(SolutionProperties) = preSolution
		HideSolutionNode = FALSE
	EndGlobalSection
	GlobalSection(ExtensibilityGlobals) = postSolution
		SolutionGuid = {4DF510E1-5638-4C67-965F-7C06763BFB92}
	EndGlobalSection
EndGlobal
